
Microsoft Visual Studio Solution File, Format Version 12.00
# Visual Studio Version 16
VisualStudioVersion = 16.0.29102.190
MinimumVisualStudioVersion = 10.0.40219.1
Project("{FAE04EC0-301F-11D3-BF4B-00C04F79EFBC}") = "whizlabwebapp", "whizlabwebapp\whizlabwebapp.csproj", "{65134B6F-F86B-4091-B12D-1898E9981456}"
EndProject
Global
	GlobalSection(SolutionConfigurationPlatforms) = preSolution
		Debug|Any CPU = Debug|Any CPU
		Release|Any CPU = Release|Any CPU
	EndGlobalSection
	GlobalSection(ProjectConfigurationPlatforms) = postSolution
		{65134B6F-F86B-4091-B12D-1898E9981456}.Debug|Any CPU.ActiveCfg = Debug|Any CPU
		{65134B6F-F86B-4091-B12D-1898E9981456}.Debug|Any CPU.Build.0 = Debug|Any CPU
		{65134B6F-F86B-4091-B12D-1898E9981456}.Release|Any CPU.ActiveCfg = Release|Any CPU
		{65134B6F-F86B-4091-B12D-1898E9981456}.Release|Any CPU.Build.0 = Release|Any CPU
	EndGlobalSection
	GlobalSection(SolutionProperties) = preSolution
		HideSolutionNode = FALSE
	EndGlobalSection
	GlobalSection(ExtensibilityGlobals) = postSolution
		SolutionGuid = {B4545193-F97F-4856-B36B-9D83BB55B563}
	EndGlobalSection
EndGlobal
